
Microsoft Visual Studio Solution File, Format Version 12.00
# Visual Studio Version 17
VisualStudioVersion = 17.10.35013.160
MinimumVisualStudioVersion = 10.0.40219.1
Project("{FAE04EC0-301F-11D3-BF4B-00C04F79EFBC}") = "RealStateApp", "RealStateApp\RealStateApp.csproj", "{9AED2C09-62ED-4038-A7B9-D123B865FEA4}"
EndProject
Global
	GlobalSection(SolutionConfigurationPlatforms) = preSolution
		Debug|Any CPU = Debug|Any CPU
		Release|Any CPU = Release|Any CPU
	EndGlobalSection
	GlobalSection(ProjectConfigurationPlatforms) = postSolution
		{9AED2C09-62ED-4038-A7B9-D123B865FEA4}.Debug|Any CPU.ActiveCfg = Debug|Any CPU
		{9AED2C09-62ED-4038-A7B9-D123B865FEA4}.Debug|Any CPU.Build.0 = Debug|Any CPU
		{9AED2C09-62ED-4038-A7B9-D123B865FEA4}.Debug|Any CPU.Deploy.0 = Debug|Any CPU
		{9AED2C09-62ED-4038-A7B9-D123B865FEA4}.Release|Any CPU.ActiveCfg = Release|Any CPU
		{9AED2C09-62ED-4038-A7B9-D123B865FEA4}.Release|Any CPU.Build.0 = Release|Any CPU
		{9AED2C09-62ED-4038-A7B9-D123B865FEA4}.Release|Any CPU.Deploy.0 = Release|Any CPU
	EndGlobalSection
	GlobalSection(SolutionProperties) = preSolution
		HideSolutionNode = FALSE
	EndGlobalSection
	GlobalSection(ExtensibilityGlobals) = postSolution
		SolutionGuid = {13275490-6108-4254-A6EA-040E0C3062C8}
	EndGlobalSection
EndGlobal
